// !$*UTF8*$!
{
	archiveVersion = 1;
	classes = {
	};
	objectVersion = 50;
	objects = {

/* Begin PBXBuildFile section */
		BE5DC4D320C1FC3100BE617A /* AppDelegate.swift in Sources */ = {isa = PBXBuildFile; fileRef = BE5DC4D220C1FC3100BE617A /* AppDelegate.swift */; };
		BE5DC4D820C1FC3100BE617A /* Main.storyboard in Resources */ = {isa = PBXBuildFile; fileRef = BE5DC4D620C1FC3100BE617A /* Main.storyboard */; };
		BE5DC4DA20C1FC3300BE617A /* Assets.xcassets in Resources */ = {isa = PBXBuildFile; fileRef = BE5DC4D920C1FC3300BE617A /* Assets.xcassets */; };
		BE5DC4DD20C1FC3300BE617A /* LaunchScreen.storyboard in Resources */ = {isa = PBXBuildFile; fileRef = BE5DC4DB20C1FC3300BE617A /* LaunchScreen.storyboard */; };
		BE5DC4E820C200A100BE617A /* CloudKit.framework in Frameworks */ = {isa = PBXBuildFile; fileRef = BE5DC4E720C200A100BE617A /* CloudKit.framework */; };
/* End PBXBuildFile section */

/* Begin PBXFileReference section */
		BE5DC4CF20C1FC3100BE617A /* MythicalMonsters.app */ = {isa = PBXFileReference; explicitFileType = wrapper.application; includeInIndex = 0; path = MythicalMonsters.app; sourceTree = BUILT_PRODUCTS_DIR; };
		BE5DC4D220C1FC3100BE617A /* AppDelegate.swift */ = {isa = PBXFileReference; lastKnownFileType = sourcecode.swift; path = AppDelegate.swift; sourceTree = "<group>"; };
		BE5DC4D720C1FC3100BE617A /* Base */ = {isa = PBXFileReference; lastKnownFileType = file.storyboard; name = Base; path = Base.lproj/Main.storyboard; sourceTree = "<group>"; };
		BE5DC4D920C1FC3300BE617A /* Assets.xcassets */ = {isa = PBXFileReference; lastKnownFileType = folder.assetcatalog; path = Assets.xcassets; sourceTree = "<group>"; };
		BE5DC4DC20C1FC3300BE617A /* Base */ = {isa = PBXFileReference; lastKnownFileType = file.storyboard; name = Base; path = Base.lproj/LaunchScreen.storyboard; sourceTree = "<group>"; };
		BE5DC4DE20C1FC3300BE617A /* Info.plist */ = {isa = PBXFileReference; lastKnownFileType = text.plist.xml; path = Info.plist; sourceTree = "<group>"; };
		BE5DC4E520C2009400BE617A /* MythicalMonsters.entitlements */ = {isa = PBXFileReference; lastKnownFileType = text.plist.entitlements; path = MythicalMonsters.entitlements; sourceTree = "<group>"; };
		BE5DC4E720C200A100BE617A /* CloudKit.framework */ = {isa = PBXFileReference; lastKnownFileType = wrapper.framework; name = CloudKit.framework; path = System/Library/Frameworks/CloudKit.framework; sourceTree = SDKROOT; };
/* End PBXFileReference section */

/* Begin PBXFrameworksBuildPhase section */
		BE5DC4CC20C1FC3100BE617A /* Frameworks */ = {
			isa = PBXFrameworksBuildPhase;
			buildActionMask = 2147483647;
			files = (
				BE5DC4E820C200A100BE617A /* CloudKit.framework in Frameworks */,
			);
			runOnlyForDeploymentPostprocessing = 0;
		};
/* End PBXFrameworksBuildPhase section */

/* Begin PBXGroup section */
		BE5DC4C620C1FC3100BE617A = {
			isa = PBXGroup;
			children = (
				BE5DC4D120C1FC3100BE617A /* MythicalMonsters */,
				BE5DC4D020C1FC3100BE617A /* Products */,
				BE5DC4E620C200A100BE617A /* Frameworks */,
			);
			sourceTree = "<group>";
		};
		BE5DC4D020C1FC3100BE617A /* Products */ = {
			isa = PBXGroup;
			children = (
				BE5DC4CF20C1FC3100BE617A /* MythicalMonsters.app */,
			);
			name = Products;
			sourceTree = "<group>";
		};
		BE5DC4D120C1FC3100BE617A /* MythicalMonsters */ = {
			isa = PBXGroup;
			children = (
				BE5DC4E520C2009400BE617A /* MythicalMonsters.entitlements */,
				BE5DC4D620C1FC3100BE617A /* Main.storyboard */,
				BE5DC4E420C1FDC200BE617A /* Resources */,
			);
			path = MythicalMonsters;
			sourceTree = "<group>";
		};
		BE5DC4E420C1FDC200BE617A /* Resources */ = {
			isa = PBXGroup;
			children = (
				BE5DC4DE20C1FC3300BE617A /* Info.plist */,
				BE5DC4D220C1FC3100BE617A /* AppDelegate.swift */,
				BE5DC4D920C1FC3300BE617A /* Assets.xcassets */,
				BE5DC4DB20C1FC3300BE617A /* LaunchScreen.storyboard */,
			);
			path = Resources;
			sourceTree = "<group>";
		};
		BE5DC4E620C200A100BE617A /* Frameworks */ = {
			isa = PBXGroup;
			children = (
				BE5DC4E720C200A100BE617A /* CloudKit.framework */,
			);
			name = Frameworks;
			sourceTree = "<group>";
		};
/* End PBXGroup section */

/* Begin PBXNativeTarget section */
		BE5DC4CE20C1FC3100BE617A /* MythicalMonsters */ = {
			isa = PBXNativeTarget;
			buildConfigurationList = BE5DC4E120C1FC3300BE617A /* Build configuration list for PBXNativeTarget "MythicalMonsters" */;
			buildPhases = (
				BE5DC4CB20C1FC3100BE617A /* Sources */,
				BE5DC4CC20C1FC3100BE617A /* Frameworks */,
				BE5DC4CD20C1FC3100BE617A /* Resources */,
			);
			buildRules = (
			);
			dependencies = (
			);
			name = MythicalMonsters;
			productName = MythicalMonsters;
			productReference = BE5DC4CF20C1FC3100BE617A /* MythicalMonsters.app */;
			productType = "com.apple.product-type.application";
		};
/* End PBXNativeTarget section */

/* Begin PBXProject section */
		BE5DC4C720C1FC3100BE617A /* Project object */ = {
			isa = PBXProject;
			attributes = {
				LastSwiftUpdateCheck = 0930;
				LastUpgradeCheck = 0930;
				ORGANIZATIONNAME = "Tyler Clonts";
				TargetAttributes = {
					BE5DC4CE20C1FC3100BE617A = {
						CreatedOnToolsVersion = 9.3.1;
						SystemCapabilities = {
							com.apple.Push = {
								enabled = 1;
							};
							com.apple.iCloud = {
								enabled = 1;
							};
						};
					};
				};
			};
			buildConfigurationList = BE5DC4CA20C1FC3100BE617A /* Build configuration list for PBXProject "MythicalMonsters" */;
			compatibilityVersion = "Xcode 9.3";
			developmentRegion = en;
			hasScannedForEncodings = 0;
			knownRegions = (
				en,
				Base,
			);
			mainGroup = BE5DC4C620C1FC3100BE617A;
			productRefGroup = BE5DC4D020C1FC3100BE617A /* Products */;
			projectDirPath = "";
			projectRoot = "";
			targets = (
				BE5DC4CE20C1FC3100BE617A /* MythicalMonsters */,
			);
		};
/* End PBXProject section */

/* Begin PBXResourcesBuildPhase section */
		BE5DC4CD20C1FC3100BE617A /* Resources */ = {
			isa = PBXResourcesBuildPhase;
			buildActionMask = 2147483647;
			files = (
				BE5DC4DD20C1FC3300BE617A /* LaunchScreen.storyboard in Resources */,
				BE5DC4DA20C1FC3300BE617A /* Assets.xcassets in Resources */,
				BE5DC4D820C1FC3100BE617A /* Main.storyboard in Resources */,
			);
			runOnlyForDeploymentPostprocessing = 0;
		};
/* End PBXResourcesBuildPhase section */

/* Begin PBXSourcesBuildPhase section */
		BE5DC4CB20C1FC3100BE617A /* Sources */ = {
			isa = PBXSourcesBuildPhase;
			buildActionMask = 2147483647;
			files = (
				BE5DC4D320C1FC3100BE617A /* AppDelegate.swift in Sources */,
			);
			runOnlyForDeploymentPostprocessing = 0;
		};
/* End PBXSourcesBuildPhase section */

/* Begin PBXVariantGroup section */
		BE5DC4D620C1FC3100BE617A /* Main.storyboard */ = {
			isa = PBXVariantGroup;
			children = (
				BE5DC4D720C1FC3100BE617A /* Base */,
			);
			name = Main.storyboard;
			sourceTree = "<group>";
		};
		BE5DC4DB20C1FC3300BE617A /* LaunchScreen.storyboard */ = {
			isa = PBXVariantGroup;
			children = (
				BE5DC4DC20C1FC3300BE617A /* Base */,
			);
			name = LaunchScreen.storyboard;
			sourceTree = "<group>";
		};
/* End PBXVariantGroup section */

/* Begin XCBuildConfiguration section */
		BE5DC4DF20C1FC3300BE617A /* Debug */ = {
			isa = XCBuildConfiguration;
			buildSettings = {
				ALWAYS_SEARCH_USER_PATHS = NO;
				CLANG_ANALYZER_NONNULL = YES;
				CLANG_ANALYZER_NUMBER_OBJECT_CONVERSION = YES_AGGRESSIVE;
				CLANG_CXX_LANGUAGE_STANDARD = "gnu++14";
				CLANG_CXX_LIBRARY = "libc++";
				CLANG_ENABLE_MODULES = YES;
				CLANG_ENABLE_OBJC_ARC = YES;
				CLANG_ENABLE_OBJC_WEAK = YES;
				CLANG_WARN_BLOCK_CAPTURE_AUTORELEASING = YES;
				CLANG_WARN_BOOL_CONVERSION = YES;
				CLANG_WARN_COMMA = YES;
				CLANG_WARN_CONSTANT_CONVERSION = YES;
				CLANG_WARN_DEPRECATED_OBJC_IMPLEMENTATIONS = YES;
				CLANG_WARN_DIRECT_OBJC_ISA_USAGE = YES_ERROR;
				CLANG_WARN_DOCUMENTATION_COMMENTS = YES;
				CLANG_WARN_EMPTY_BODY = YES;
				CLANG_WARN_ENUM_CONVERSION = YES;
				CLANG_WARN_INFINITE_RECURSION = YES;
				CLANG_WARN_INT_CONVERSION = YES;
				CLANG_WARN_NON_LITERAL_NULL_CONVERSION = YES;
				CLANG_WARN_OBJC_IMPLICIT_RETAIN_SELF = YES;
				CLANG_WARN_OBJC_LITERAL_CONVERSION = YES;
				CLANG_WARN_OBJC_ROOT_CLASS = YES_ERROR;
				CLANG_WARN_RANGE_LOOP_ANALYSIS = YES;
				CLANG_WARN_STRICT_PROTOTYPES = YES;
				CLANG_WARN_SUSPICIOUS_MOVE = YES;
				CLANG_WARN_UNGUARDED_AVAILABILITY = YES_AGGRESSIVE;
				CLANG_WARN_UNREACHABLE_CODE = YES;
				CLANG_WARN__DUPLICATE_METHOD_MATCH = YES;
				CODE_SIGN_IDENTITY = "iPhone Developer";
				COPY_PHASE_STRIP = NO;
				DEBUG_INFORMATION_FORMAT = dwarf;
				ENABLE_STRICT_OBJC_MSGSEND = YES;
				ENABLE_TESTABILITY = YES;
				GCC_C_LANGUAGE_STANDARD = gnu11;
				GCC_DYNAMIC_NO_PIC = NO;
				GCC_NO_COMMON_BLOCKS = YES;
				GCC_OPTIMIZATION_LEVEL = 0;
				GCC_PREPROCESSOR_DEFINITIONS = (
					"DEBUG=1",
					"$(inherited)",
				);
				GCC_WARN_64_TO_32_BIT_CONVERSION = YES;
				GCC_WARN_ABOUT_RETURN_TYPE = YES_ERROR;
				GCC_WARN_UNDECLARED_SELECTOR = YES;
				GCC_WARN_UNINITIALIZED_AUTOS = YES_AGGRESSIVE;
				GCC_WARN_UNUSED_FUNCTION = YES;
				GCC_WARN_UNUSED_VARIABLE = YES;
				IPHONEOS_DEPLOYMENT_TARGET = 11.3;
				MTL_ENABLE_DEBUG_INFO = YES;
				ONLY_ACTIVE_ARCH = YES;
				SDKROOT = iphoneos;
				SWIFT_ACTIVE_COMPILATION_CONDITIONS = DEBUG;
				SWIFT_OPTIMIZATION_LEVEL = "-Onone";
			};
			name = Debug;
		};
		BE5DC4E020C1FC3300BE617A /* Release */ = {
			isa = XCBuildConfiguration;
			buildSettings = {
				ALWAYS_SEARCH_USER_PATHS = NO;
				CLANG_ANALYZER_NONNULL = YES;
				CLANG_ANALYZER_NUMBER_OBJECT_CONVERSION = YES_AGGRESSIVE;
				CLANG_CXX_LANGUAGE_STANDARD = "gnu++14";
				CLANG_CXX_LIBRARY = "libc++";
				CLANG_ENABLE_MODULES = YES;
				CLANG_ENABLE_OBJC_ARC = YES;
				CLANG_ENABLE_OBJC_WEAK = YES;
				CLANG_WARN_BLOCK_CAPTURE_AUTORELEASING = YES;
				CLANG_WARN_BOOL_CONVERSION = YES;
				CLANG_WARN_COMMA = YES;
				CLANG_WARN_CONSTANT_CONVERSION = YES;
				CLANG_WARN_DEPRECATED_OBJC_IMPLEMENTATIONS = YES;
				CLANG_WARN_DIRECT_OBJC_ISA_USAGE = YES_ERROR;
				CLANG_WARN_DOCUMENTATION_COMMENTS = YES;
				CLANG_WARN_EMPTY_BODY = YES;
				CLANG_WARN_ENUM_CONVERSION = YES;
				CLANG_WARN_INFINITE_RECURSION = YES;
				CLANG_WARN_INT_CONVERSION = YES;
				CLANG_WARN_NON_LITERAL_NULL_CONVERSION = YES;
				CLANG_WARN_OBJC_IMPLICIT_RETAIN_SELF = YES;
				CLANG_WARN_OBJC_LITERAL_CONVERSION = YES;
				CLANG_WARN_OBJC_ROOT_CLASS = YES_ERROR;
				CLANG_WARN_RANGE_LOOP_ANALYSIS = YES;
				CLANG_WARN_STRICT_PROTOTYPES = YES;
				CLANG_WARN_SUSPICIOUS_MOVE = YES;
				CLANG_WARN_UNGUARDED_AVAILABILITY = YES_AGGRESSIVE;
				CLANG_WARN_UNREACHABLE_CODE = YES;
				CLANG_WARN__DUPLICATE_METHOD_MATCH = YES;
				CODE_SIGN_IDENTITY = "iPhone Developer";
				COPY_PHASE_STRIP = NO;
				DEBUG_INFORMATION_FORMAT = "dwarf-with-dsym";
				ENABLE_NS_ASSERTIONS = NO;
				ENABLE_STRICT_OBJC_MSGSEND = YES;
				GCC_C_LANGUAGE_STANDARD = gnu11;
				GCC_NO_COMMON_BLOCKS = YES;
				GCC_WARN_64_TO_32_BIT_CONVERSION = YES;
				GCC_WARN_ABOUT_RETURN_TYPE = YES_ERROR;
				GCC_WARN_UNDECLARED_SELECTOR = YES;
				GCC_WARN_UNINITIALIZED_AUTOS = YES_AGGRESSIVE;
				GCC_WARN_UNUSED_FUNCTION = YES;
				GCC_WARN_UNUSED_VARIABLE = YES;
				IPHONEOS_DEPLOYMENT_TARGET = 11.3;
				MTL_ENABLE_DEBUG_INFO = NO;
				SDKROOT = iphoneos;
				SWIFT_COMPILATION_MODE = wholemodule;
				SWIFT_OPTIMIZATION_LEVEL = "-O";
				VALIDATE_PRODUCT = YES;
			};
			name = Release;
		};
		BE5DC4E220C1FC3300BE617A /* Debug */ = {
			isa = XCBuildConfiguration;
			buildSettings = {
				ASSETCATALOG_COMPILER_APPICON_NAME = AppIcon;
				CODE_SIGN_ENTITLEMENTS = MythicalMonsters/MythicalMonsters.entitlements;
				CODE_SIGN_STYLE = Automatic;
				DEVELOPMENT_TEAM = XUF99SR6PQ;
				INFOPLIST_FILE = MythicalMonsters/Resources/Info.plist;
				LD_RUNPATH_SEARCH_PATHS = (
					"$(inherited)",
					"@executable_path/Frameworks",
				);
				PRODUCT_BUNDLE_IDENTIFIER = com.TylerClonts.MythicalMonsters;
				PRODUCT_NAME = "$(TARGET_NAME)";
				SWIFT_VERSION = 4.0;
				TARGETED_DEVICE_FAMILY = "1,2";
			};
			name = Debug;
		};
		BE5DC4E320C1FC3300BE617A /* Release */ = {
			isa = XCBuildConfiguration;
			buildSettings = {
				ASSETCATALOG_COMPILER_APPICON_NAME = AppIcon;
				CODE_SIGN_ENTITLEMENTS = MythicalMonsters/MythicalMonsters.entitlements;
				CODE_SIGN_STYLE = Automatic;
				DEVELOPMENT_TEAM = XUF99SR6PQ;
				INFOPLIST_FILE = MythicalMonsters/Resources/Info.plist;
				LD_RUNPATH_SEARCH_PATHS = (
					"$(inherited)",
					"@executable_path/Frameworks",
				);
				PRODUCT_BUNDLE_IDENTIFIER = com.TylerClonts.MythicalMonsters;
				PRODUCT_NAME = "$(TARGET_NAME)";
				SWIFT_VERSION = 4.0;
				TARGETED_DEVICE_FAMILY = "1,2";
			};
			name = Release;
		};
/* End XCBuildConfiguration section */

/* Begin XCConfigurationList section */
		BE5DC4CA20C1FC3100BE617A /* Build configuration list for PBXProject "MythicalMonsters" */ = {
			isa = XCConfigurationList;
			buildConfigurations = (
				BE5DC4DF20C1FC3300BE617A /* Debug */,
				BE5DC4E020C1FC3300BE617A /* Release */,
			);
			defaultConfigurationIsVisible = 0;
			defaultConfigurationName = Release;
		};
		BE5DC4E120C1FC3300BE617A /* Build configuration list for PBXNativeTarget "MythicalMonsters" */ = {
			isa = XCConfigurationList;
			buildConfigurations = (
				BE5DC4E220C1FC3300BE617A /* Debug */,
				BE5DC4E320C1FC3300BE617A /* Release */,
			);
			defaultConfigurationIsVisible = 0;
			defaultConfigurationName = Release;
		};
/* End XCConfigurationList section */
	};
	rootObject = BE5DC4C720C1FC3100BE617A /* Project object */;
}
