// !$*UTF8*$!
{
	archiveVersion = 1;
	classes = {
	};
	objectVersion = 50;
	objects = {

/* Begin PBXBuildFile section */
		4C8199257C8813E8ED05CBBF /* Pods_MythicalMonsters.framework in Frameworks */ = {isa = PBXBuildFile; fileRef = 8F08A29E7096F4E5196961C1 /* Pods_MythicalMonsters.framework */; };
		BE2070E220C88FB2008B4A91 /* AddMonsterViewController.swift in Sources */ = {isa = PBXBuildFile; fileRef = BE2070E120C88FB2008B4A91 /* AddMonsterViewController.swift */; };
		BE2070E420C8912C008B4A91 /* ImagePickerHelper.swift in Sources */ = {isa = PBXBuildFile; fileRef = BE2070E320C8912C008B4A91 /* ImagePickerHelper.swift */; };
		BE2272C020D2D4190020164D /* MonsterDetailViewController.swift in Sources */ = {isa = PBXBuildFile; fileRef = BE2272BF20D2D4190020164D /* MonsterDetailViewController.swift */; };
		BE2272C220D2D9DF0020164D /* ColorHelper.swift in Sources */ = {isa = PBXBuildFile; fileRef = BE2272C120D2D9DF0020164D /* ColorHelper.swift */; };
		BE5DC4D320C1FC3100BE617A /* AppDelegate.swift in Sources */ = {isa = PBXBuildFile; fileRef = BE5DC4D220C1FC3100BE617A /* AppDelegate.swift */; };
		BE5DC4D820C1FC3100BE617A /* Main.storyboard in Resources */ = {isa = PBXBuildFile; fileRef = BE5DC4D620C1FC3100BE617A /* Main.storyboard */; };
		BE5DC4DA20C1FC3300BE617A /* Assets.xcassets in Resources */ = {isa = PBXBuildFile; fileRef = BE5DC4D920C1FC3300BE617A /* Assets.xcassets */; };
		BE5DC4DD20C1FC3300BE617A /* LaunchScreen.storyboard in Resources */ = {isa = PBXBuildFile; fileRef = BE5DC4DB20C1FC3300BE617A /* LaunchScreen.storyboard */; };
		BE5DC4E820C200A100BE617A /* CloudKit.framework in Frameworks */ = {isa = PBXBuildFile; fileRef = BE5DC4E720C200A100BE617A /* CloudKit.framework */; };
		BE5DC4EE20C202E600BE617A /* CloudKitManager.swift in Sources */ = {isa = PBXBuildFile; fileRef = BE5DC4ED20C202E600BE617A /* CloudKitManager.swift */; };
		BE5DC4F020C2033A00BE617A /* MythicalMonster.swift in Sources */ = {isa = PBXBuildFile; fileRef = BE5DC4EF20C2033A00BE617A /* MythicalMonster.swift */; };
		BE5DC4F220C20AB400BE617A /* MythicalMonsterListTableViewController.swift in Sources */ = {isa = PBXBuildFile; fileRef = BE5DC4F120C20AB400BE617A /* MythicalMonsterListTableViewController.swift */; };
		BE5DC4F420C2F19100BE617A /* MonstersController.swift in Sources */ = {isa = PBXBuildFile; fileRef = BE5DC4F320C2F19100BE617A /* MonstersController.swift */; };
		BEC8A2D520D9D76200608A9F /* MonstersViewController.swift in Sources */ = {isa = PBXBuildFile; fileRef = BEC8A2D420D9D76200608A9F /* MonstersViewController.swift */; };
		BEC8A2D720DB038800608A9F /* CustomView.swift in Sources */ = {isa = PBXBuildFile; fileRef = BEC8A2D620DB038800608A9F /* CustomView.swift */; };
		BEC8A2D920DC277900608A9F /* MonsterCollectionViewCell.swift in Sources */ = {isa = PBXBuildFile; fileRef = BEC8A2D820DC277900608A9F /* MonsterCollectionViewCell.swift */; };
		BECEAEEA20D0BB8B00C8EF21 /* MonsterTableViewCell.swift in Sources */ = {isa = PBXBuildFile; fileRef = BECEAEE920D0BB8B00C8EF21 /* MonsterTableViewCell.swift */; };
		BECEAEF120D1B7C500C8EF21 /* Info.plist in Resources */ = {isa = PBXBuildFile; fileRef = BE5DC4DE20C1FC3300BE617A /* Info.plist */; };
		BECEAF0C20D1B8F000C8EF21 /* SFCompactDisplay-Heavy.otf in Resources */ = {isa = PBXBuildFile; fileRef = BECEAEF720D1B8F000C8EF21 /* SFCompactDisplay-Heavy.otf */; };
		BECEAF0D20D1B8F000C8EF21 /* SFCompactText-Medium.otf in Resources */ = {isa = PBXBuildFile; fileRef = BECEAEF820D1B8F000C8EF21 /* SFCompactText-Medium.otf */; };
		BECEAF0E20D1B8F000C8EF21 /* SFCompactText-SemiboldItalic.otf in Resources */ = {isa = PBXBuildFile; fileRef = BECEAEF920D1B8F000C8EF21 /* SFCompactText-SemiboldItalic.otf */; };
		BECEAF0F20D1B8F000C8EF21 /* SFCompactDisplay-Light.otf in Resources */ = {isa = PBXBuildFile; fileRef = BECEAEFA20D1B8F000C8EF21 /* SFCompactDisplay-Light.otf */; };
		BECEAF1020D1B8F000C8EF21 /* SFCompactText-Regular.otf in Resources */ = {isa = PBXBuildFile; fileRef = BECEAEFB20D1B8F000C8EF21 /* SFCompactText-Regular.otf */; };
		BECEAF1120D1B8F000C8EF21 /* SFCompactText-BoldItalic.otf in Resources */ = {isa = PBXBuildFile; fileRef = BECEAEFC20D1B8F000C8EF21 /* SFCompactText-BoldItalic.otf */; };
		BECEAF1220D1B8F000C8EF21 /* SFCompactDisplay-Semibold.otf in Resources */ = {isa = PBXBuildFile; fileRef = BECEAEFD20D1B8F000C8EF21 /* SFCompactDisplay-Semibold.otf */; };
		BECEAF1320D1B8F000C8EF21 /* SFCompactDisplay-Medium.otf in Resources */ = {isa = PBXBuildFile; fileRef = BECEAEFE20D1B8F000C8EF21 /* SFCompactDisplay-Medium.otf */; };
		BECEAF1420D1B8F000C8EF21 /* SFCompactDisplay-Black.otf in Resources */ = {isa = PBXBuildFile; fileRef = BECEAEFF20D1B8F000C8EF21 /* SFCompactDisplay-Black.otf */; };
		BECEAF1520D1B8F000C8EF21 /* SFCompactDisplay-Regular.otf in Resources */ = {isa = PBXBuildFile; fileRef = BECEAF0020D1B8F000C8EF21 /* SFCompactDisplay-Regular.otf */; };
		BECEAF1620D1B8F000C8EF21 /* SFCompactText-MediumItalic.otf in Resources */ = {isa = PBXBuildFile; fileRef = BECEAF0120D1B8F000C8EF21 /* SFCompactText-MediumItalic.otf */; };
		BECEAF1720D1B8F000C8EF21 /* SFCompactText-Semibold.otf in Resources */ = {isa = PBXBuildFile; fileRef = BECEAF0220D1B8F000C8EF21 /* SFCompactText-Semibold.otf */; };
		BECEAF1820D1B8F000C8EF21 /* SFCompactText-RegularItalic.otf in Resources */ = {isa = PBXBuildFile; fileRef = BECEAF0320D1B8F000C8EF21 /* SFCompactText-RegularItalic.otf */; };
		BECEAF1920D1B8F000C8EF21 /* SFCompactText-Light.otf in Resources */ = {isa = PBXBuildFile; fileRef = BECEAF0420D1B8F000C8EF21 /* SFCompactText-Light.otf */; };
		BECEAF1A20D1B8F000C8EF21 /* SFCompactDisplay-Bold.otf in Resources */ = {isa = PBXBuildFile; fileRef = BECEAF0520D1B8F000C8EF21 /* SFCompactDisplay-Bold.otf */; };
		BECEAF1B20D1B8F000C8EF21 /* SFCompactText-Bold.otf in Resources */ = {isa = PBXBuildFile; fileRef = BECEAF0620D1B8F000C8EF21 /* SFCompactText-Bold.otf */; };
		BECEAF1C20D1B8F000C8EF21 /* SFCompactDisplay-Ultralight.otf in Resources */ = {isa = PBXBuildFile; fileRef = BECEAF0720D1B8F000C8EF21 /* SFCompactDisplay-Ultralight.otf */; };
		BECEAF1D20D1B8F000C8EF21 /* SFCompactText-Heavy.otf in Resources */ = {isa = PBXBuildFile; fileRef = BECEAF0820D1B8F000C8EF21 /* SFCompactText-Heavy.otf */; };
		BECEAF1E20D1B8F000C8EF21 /* SFCompactText-HeavyItalic.otf in Resources */ = {isa = PBXBuildFile; fileRef = BECEAF0920D1B8F000C8EF21 /* SFCompactText-HeavyItalic.otf */; };
		BECEAF1F20D1B8F000C8EF21 /* SFCompactText-LightItalic.otf in Resources */ = {isa = PBXBuildFile; fileRef = BECEAF0A20D1B8F000C8EF21 /* SFCompactText-LightItalic.otf */; };
		BECEAF2020D1B8F000C8EF21 /* SFCompactDisplay-Thin.otf in Resources */ = {isa = PBXBuildFile; fileRef = BECEAF0B20D1B8F000C8EF21 /* SFCompactDisplay-Thin.otf */; };
/* End PBXBuildFile section */

/* Begin PBXFileReference section */
		7B581C49F5B154B2A520B042 /* Pods-MythicalMonsters.release.xcconfig */ = {isa = PBXFileReference; includeInIndex = 1; lastKnownFileType = text.xcconfig; name = "Pods-MythicalMonsters.release.xcconfig"; path = "Pods/Target Support Files/Pods-MythicalMonsters/Pods-MythicalMonsters.release.xcconfig"; sourceTree = "<group>"; };
		8F08A29E7096F4E5196961C1 /* Pods_MythicalMonsters.framework */ = {isa = PBXFileReference; explicitFileType = wrapper.framework; includeInIndex = 0; path = Pods_MythicalMonsters.framework; sourceTree = BUILT_PRODUCTS_DIR; };
		B2948A9DA219A83BD637352C /* Pods-MythicalMonsters.debug.xcconfig */ = {isa = PBXFileReference; includeInIndex = 1; lastKnownFileType = text.xcconfig; name = "Pods-MythicalMonsters.debug.xcconfig"; path = "Pods/Target Support Files/Pods-MythicalMonsters/Pods-MythicalMonsters.debug.xcconfig"; sourceTree = "<group>"; };
		BE2070E120C88FB2008B4A91 /* AddMonsterViewController.swift */ = {isa = PBXFileReference; lastKnownFileType = sourcecode.swift; path = AddMonsterViewController.swift; sourceTree = "<group>"; };
		BE2070E320C8912C008B4A91 /* ImagePickerHelper.swift */ = {isa = PBXFileReference; lastKnownFileType = sourcecode.swift; path = ImagePickerHelper.swift; sourceTree = "<group>"; };
		BE2272BF20D2D4190020164D /* MonsterDetailViewController.swift */ = {isa = PBXFileReference; lastKnownFileType = sourcecode.swift; path = MonsterDetailViewController.swift; sourceTree = "<group>"; };
		BE2272C120D2D9DF0020164D /* ColorHelper.swift */ = {isa = PBXFileReference; lastKnownFileType = sourcecode.swift; path = ColorHelper.swift; sourceTree = "<group>"; };
		BE5DC4CF20C1FC3100BE617A /* MythicalMonsters.app */ = {isa = PBXFileReference; explicitFileType = wrapper.application; includeInIndex = 0; path = MythicalMonsters.app; sourceTree = BUILT_PRODUCTS_DIR; };
		BE5DC4D220C1FC3100BE617A /* AppDelegate.swift */ = {isa = PBXFileReference; lastKnownFileType = sourcecode.swift; path = AppDelegate.swift; sourceTree = "<group>"; };
		BE5DC4D720C1FC3100BE617A /* Base */ = {isa = PBXFileReference; lastKnownFileType = file.storyboard; name = Base; path = Base.lproj/Main.storyboard; sourceTree = "<group>"; };
		BE5DC4D920C1FC3300BE617A /* Assets.xcassets */ = {isa = PBXFileReference; lastKnownFileType = folder.assetcatalog; path = Assets.xcassets; sourceTree = "<group>"; };
		BE5DC4DC20C1FC3300BE617A /* Base */ = {isa = PBXFileReference; lastKnownFileType = file.storyboard; name = Base; path = Base.lproj/LaunchScreen.storyboard; sourceTree = "<group>"; };
		BE5DC4DE20C1FC3300BE617A /* Info.plist */ = {isa = PBXFileReference; lastKnownFileType = text.plist.xml; path = Info.plist; sourceTree = "<group>"; };
		BE5DC4E520C2009400BE617A /* MythicalMonsters.entitlements */ = {isa = PBXFileReference; lastKnownFileType = text.plist.entitlements; path = MythicalMonsters.entitlements; sourceTree = "<group>"; };
		BE5DC4E720C200A100BE617A /* CloudKit.framework */ = {isa = PBXFileReference; lastKnownFileType = wrapper.framework; name = CloudKit.framework; path = System/Library/Frameworks/CloudKit.framework; sourceTree = SDKROOT; };
		BE5DC4ED20C202E600BE617A /* CloudKitManager.swift */ = {isa = PBXFileReference; lastKnownFileType = sourcecode.swift; path = CloudKitManager.swift; sourceTree = "<group>"; };
		BE5DC4EF20C2033A00BE617A /* MythicalMonster.swift */ = {isa = PBXFileReference; lastKnownFileType = sourcecode.swift; path = MythicalMonster.swift; sourceTree = "<group>"; };
		BE5DC4F120C20AB400BE617A /* MythicalMonsterListTableViewController.swift */ = {isa = PBXFileReference; lastKnownFileType = sourcecode.swift; path = MythicalMonsterListTableViewController.swift; sourceTree = "<group>"; };
		BE5DC4F320C2F19100BE617A /* MonstersController.swift */ = {isa = PBXFileReference; lastKnownFileType = sourcecode.swift; path = MonstersController.swift; sourceTree = "<group>"; };
		BEC8A2D420D9D76200608A9F /* MonstersViewController.swift */ = {isa = PBXFileReference; lastKnownFileType = sourcecode.swift; path = MonstersViewController.swift; sourceTree = "<group>"; };
		BEC8A2D620DB038800608A9F /* CustomView.swift */ = {isa = PBXFileReference; lastKnownFileType = sourcecode.swift; path = CustomView.swift; sourceTree = "<group>"; };
		BEC8A2D820DC277900608A9F /* MonsterCollectionViewCell.swift */ = {isa = PBXFileReference; lastKnownFileType = sourcecode.swift; path = MonsterCollectionViewCell.swift; sourceTree = "<group>"; };
		BECEAEE920D0BB8B00C8EF21 /* MonsterTableViewCell.swift */ = {isa = PBXFileReference; lastKnownFileType = sourcecode.swift; path = MonsterTableViewCell.swift; sourceTree = "<group>"; };
		BECEAEF720D1B8F000C8EF21 /* SFCompactDisplay-Heavy.otf */ = {isa = PBXFileReference; lastKnownFileType = file; path = "SFCompactDisplay-Heavy.otf"; sourceTree = "<group>"; };
		BECEAEF820D1B8F000C8EF21 /* SFCompactText-Medium.otf */ = {isa = PBXFileReference; lastKnownFileType = file; path = "SFCompactText-Medium.otf"; sourceTree = "<group>"; };
		BECEAEF920D1B8F000C8EF21 /* SFCompactText-SemiboldItalic.otf */ = {isa = PBXFileReference; lastKnownFileType = file; path = "SFCompactText-SemiboldItalic.otf"; sourceTree = "<group>"; };
		BECEAEFA20D1B8F000C8EF21 /* SFCompactDisplay-Light.otf */ = {isa = PBXFileReference; lastKnownFileType = file; path = "SFCompactDisplay-Light.otf"; sourceTree = "<group>"; };
		BECEAEFB20D1B8F000C8EF21 /* SFCompactText-Regular.otf */ = {isa = PBXFileReference; lastKnownFileType = file; path = "SFCompactText-Regular.otf"; sourceTree = "<group>"; };
		BECEAEFC20D1B8F000C8EF21 /* SFCompactText-BoldItalic.otf */ = {isa = PBXFileReference; lastKnownFileType = file; path = "SFCompactText-BoldItalic.otf"; sourceTree = "<group>"; };
		BECEAEFD20D1B8F000C8EF21 /* SFCompactDisplay-Semibold.otf */ = {isa = PBXFileReference; lastKnownFileType = file; path = "SFCompactDisplay-Semibold.otf"; sourceTree = "<group>"; };
		BECEAEFE20D1B8F000C8EF21 /* SFCompactDisplay-Medium.otf */ = {isa = PBXFileReference; lastKnownFileType = file; path = "SFCompactDisplay-Medium.otf"; sourceTree = "<group>"; };
		BECEAEFF20D1B8F000C8EF21 /* SFCompactDisplay-Black.otf */ = {isa = PBXFileReference; lastKnownFileType = file; path = "SFCompactDisplay-Black.otf"; sourceTree = "<group>"; };
		BECEAF0020D1B8F000C8EF21 /* SFCompactDisplay-Regular.otf */ = {isa = PBXFileReference; lastKnownFileType = file; path = "SFCompactDisplay-Regular.otf"; sourceTree = "<group>"; };
		BECEAF0120D1B8F000C8EF21 /* SFCompactText-MediumItalic.otf */ = {isa = PBXFileReference; lastKnownFileType = file; path = "SFCompactText-MediumItalic.otf"; sourceTree = "<group>"; };
		BECEAF0220D1B8F000C8EF21 /* SFCompactText-Semibold.otf */ = {isa = PBXFileReference; lastKnownFileType = file; path = "SFCompactText-Semibold.otf"; sourceTree = "<group>"; };
		BECEAF0320D1B8F000C8EF21 /* SFCompactText-RegularItalic.otf */ = {isa = PBXFileReference; lastKnownFileType = file; path = "SFCompactText-RegularItalic.otf"; sourceTree = "<group>"; };
		BECEAF0420D1B8F000C8EF21 /* SFCompactText-Light.otf */ = {isa = PBXFileReference; lastKnownFileType = file; path = "SFCompactText-Light.otf"; sourceTree = "<group>"; };
		BECEAF0520D1B8F000C8EF21 /* SFCompactDisplay-Bold.otf */ = {isa = PBXFileReference; lastKnownFileType = file; path = "SFCompactDisplay-Bold.otf"; sourceTree = "<group>"; };
		BECEAF0620D1B8F000C8EF21 /* SFCompactText-Bold.otf */ = {isa = PBXFileReference; lastKnownFileType = file; path = "SFCompactText-Bold.otf"; sourceTree = "<group>"; };
		BECEAF0720D1B8F000C8EF21 /* SFCompactDisplay-Ultralight.otf */ = {isa = PBXFileReference; lastKnownFileType = file; path = "SFCompactDisplay-Ultralight.otf"; sourceTree = "<group>"; };
		BECEAF0820D1B8F000C8EF21 /* SFCompactText-Heavy.otf */ = {isa = PBXFileReference; lastKnownFileType = file; path = "SFCompactText-Heavy.otf"; sourceTree = "<group>"; };
		BECEAF0920D1B8F000C8EF21 /* SFCompactText-HeavyItalic.otf */ = {isa = PBXFileReference; lastKnownFileType = file; path = "SFCompactText-HeavyItalic.otf"; sourceTree = "<group>"; };
		BECEAF0A20D1B8F000C8EF21 /* SFCompactText-LightItalic.otf */ = {isa = PBXFileReference; lastKnownFileType = file; path = "SFCompactText-LightItalic.otf"; sourceTree = "<group>"; };
		BECEAF0B20D1B8F000C8EF21 /* SFCompactDisplay-Thin.otf */ = {isa = PBXFileReference; lastKnownFileType = file; path = "SFCompactDisplay-Thin.otf"; sourceTree = "<group>"; };
/* End PBXFileReference section */

/* Begin PBXFrameworksBuildPhase section */
		BE5DC4CC20C1FC3100BE617A /* Frameworks */ = {
			isa = PBXFrameworksBuildPhase;
			buildActionMask = 2147483647;
			files = (
				BE5DC4E820C200A100BE617A /* CloudKit.framework in Frameworks */,
				4C8199257C8813E8ED05CBBF /* Pods_MythicalMonsters.framework in Frameworks */,
			);
			runOnlyForDeploymentPostprocessing = 0;
		};
/* End PBXFrameworksBuildPhase section */

/* Begin PBXGroup section */
		A973DD4A0DD3043E36740B01 /* Pods */ = {
			isa = PBXGroup;
			children = (
				B2948A9DA219A83BD637352C /* Pods-MythicalMonsters.debug.xcconfig */,
				7B581C49F5B154B2A520B042 /* Pods-MythicalMonsters.release.xcconfig */,
			);
			name = Pods;
			sourceTree = "<group>";
		};
		BE5DC4C620C1FC3100BE617A = {
			isa = PBXGroup;
			children = (
				BE5DC4D120C1FC3100BE617A /* MythicalMonsters */,
				BE5DC4D020C1FC3100BE617A /* Products */,
				BE5DC4E620C200A100BE617A /* Frameworks */,
				A973DD4A0DD3043E36740B01 /* Pods */,
			);
			sourceTree = "<group>";
		};
		BE5DC4D020C1FC3100BE617A /* Products */ = {
			isa = PBXGroup;
			children = (
				BE5DC4CF20C1FC3100BE617A /* MythicalMonsters.app */,
			);
			name = Products;
			sourceTree = "<group>";
		};
		BE5DC4D120C1FC3100BE617A /* MythicalMonsters */ = {
			isa = PBXGroup;
			children = (
				BE5DC4E520C2009400BE617A /* MythicalMonsters.entitlements */,
				BE5DC4D620C1FC3100BE617A /* Main.storyboard */,
				BE5DC4E920C2027500BE617A /* Model */,
				BE5DC4EA20C2028300BE617A /* ModelControllers */,
				BE5DC4EB20C2029200BE617A /* ViewControllers */,
				BE62C03820DD996700E746F8 /* Parallax Helper Files */,
				BE5DC4EC20C202CB00BE617A /* CloudKitManager */,
				BE5DC4E420C1FDC200BE617A /* Resources */,
			);
			path = MythicalMonsters;
			sourceTree = "<group>";
		};
		BE5DC4E420C1FDC200BE617A /* Resources */ = {
			isa = PBXGroup;
			children = (
				BECEAEF620D1B8F000C8EF21 /* SF Compact */,
				BE5DC4DE20C1FC3300BE617A /* Info.plist */,
				BE5DC4D220C1FC3100BE617A /* AppDelegate.swift */,
				BE5DC4D920C1FC3300BE617A /* Assets.xcassets */,
				BE5DC4DB20C1FC3300BE617A /* LaunchScreen.storyboard */,
			);
			path = Resources;
			sourceTree = "<group>";
		};
		BE5DC4E620C200A100BE617A /* Frameworks */ = {
			isa = PBXGroup;
			children = (
				BE5DC4E720C200A100BE617A /* CloudKit.framework */,
				8F08A29E7096F4E5196961C1 /* Pods_MythicalMonsters.framework */,
			);
			name = Frameworks;
			sourceTree = "<group>";
		};
		BE5DC4E920C2027500BE617A /* Model */ = {
			isa = PBXGroup;
			children = (
				BE5DC4EF20C2033A00BE617A /* MythicalMonster.swift */,
			);
			path = Model;
			sourceTree = "<group>";
		};
		BE5DC4EA20C2028300BE617A /* ModelControllers */ = {
			isa = PBXGroup;
			children = (
				BE5DC4F320C2F19100BE617A /* MonstersController.swift */,
			);
			path = ModelControllers;
			sourceTree = "<group>";
		};
		BE5DC4EB20C2029200BE617A /* ViewControllers */ = {
			isa = PBXGroup;
			children = (
				BE5DC4F120C20AB400BE617A /* MythicalMonsterListTableViewController.swift */,
				BE2070E120C88FB2008B4A91 /* AddMonsterViewController.swift */,
				BECEAEE920D0BB8B00C8EF21 /* MonsterTableViewCell.swift */,
				BE2272BF20D2D4190020164D /* MonsterDetailViewController.swift */,
			);
			path = ViewControllers;
			sourceTree = "<group>";
		};
		BE5DC4EC20C202CB00BE617A /* CloudKitManager */ = {
			isa = PBXGroup;
			children = (
				BE5DC4ED20C202E600BE617A /* CloudKitManager.swift */,
				BE2070E320C8912C008B4A91 /* ImagePickerHelper.swift */,
				BE2272C120D2D9DF0020164D /* ColorHelper.swift */,
			);
			path = CloudKitManager;
			sourceTree = "<group>";
		};
		BE62C03820DD996700E746F8 /* Parallax Helper Files */ = {
			isa = PBXGroup;
			children = (
				BEC8A2D420D9D76200608A9F /* MonstersViewController.swift */,
				BEC8A2D820DC277900608A9F /* MonsterCollectionViewCell.swift */,
				BEC8A2D620DB038800608A9F /* CustomView.swift */,
			);
			path = "Parallax Helper Files";
			sourceTree = "<group>";
		};
		BECEAEF620D1B8F000C8EF21 /* SF Compact */ = {
			isa = PBXGroup;
			children = (
				BECEAEF720D1B8F000C8EF21 /* SFCompactDisplay-Heavy.otf */,
				BECEAEF820D1B8F000C8EF21 /* SFCompactText-Medium.otf */,
				BECEAEF920D1B8F000C8EF21 /* SFCompactText-SemiboldItalic.otf */,
				BECEAEFA20D1B8F000C8EF21 /* SFCompactDisplay-Light.otf */,
				BECEAEFB20D1B8F000C8EF21 /* SFCompactText-Regular.otf */,
				BECEAEFC20D1B8F000C8EF21 /* SFCompactText-BoldItalic.otf */,
				BECEAEFD20D1B8F000C8EF21 /* SFCompactDisplay-Semibold.otf */,
				BECEAEFE20D1B8F000C8EF21 /* SFCompactDisplay-Medium.otf */,
				BECEAEFF20D1B8F000C8EF21 /* SFCompactDisplay-Black.otf */,
				BECEAF0020D1B8F000C8EF21 /* SFCompactDisplay-Regular.otf */,
				BECEAF0120D1B8F000C8EF21 /* SFCompactText-MediumItalic.otf */,
				BECEAF0220D1B8F000C8EF21 /* SFCompactText-Semibold.otf */,
				BECEAF0320D1B8F000C8EF21 /* SFCompactText-RegularItalic.otf */,
				BECEAF0420D1B8F000C8EF21 /* SFCompactText-Light.otf */,
				BECEAF0520D1B8F000C8EF21 /* SFCompactDisplay-Bold.otf */,
				BECEAF0620D1B8F000C8EF21 /* SFCompactText-Bold.otf */,
				BECEAF0720D1B8F000C8EF21 /* SFCompactDisplay-Ultralight.otf */,
				BECEAF0820D1B8F000C8EF21 /* SFCompactText-Heavy.otf */,
				BECEAF0920D1B8F000C8EF21 /* SFCompactText-HeavyItalic.otf */,
				BECEAF0A20D1B8F000C8EF21 /* SFCompactText-LightItalic.otf */,
				BECEAF0B20D1B8F000C8EF21 /* SFCompactDisplay-Thin.otf */,
			);
			path = "SF Compact";
			sourceTree = "<group>";
		};
/* End PBXGroup section */

/* Begin PBXNativeTarget section */
		BE5DC4CE20C1FC3100BE617A /* MythicalMonsters */ = {
			isa = PBXNativeTarget;
			buildConfigurationList = BE5DC4E120C1FC3300BE617A /* Build configuration list for PBXNativeTarget "MythicalMonsters" */;
			buildPhases = (
				1F865F972A92B787B854BE68 /* [CP] Check Pods Manifest.lock */,
				BE5DC4CB20C1FC3100BE617A /* Sources */,
				BE5DC4CC20C1FC3100BE617A /* Frameworks */,
				BE5DC4CD20C1FC3100BE617A /* Resources */,
				E7FB73484EFBC611584A33B1 /* [CP] Embed Pods Frameworks */,
			);
			buildRules = (
			);
			dependencies = (
			);
			name = MythicalMonsters;
			productName = MythicalMonsters;
			productReference = BE5DC4CF20C1FC3100BE617A /* MythicalMonsters.app */;
			productType = "com.apple.product-type.application";
		};
/* End PBXNativeTarget section */

/* Begin PBXProject section */
		BE5DC4C720C1FC3100BE617A /* Project object */ = {
			isa = PBXProject;
			attributes = {
				LastSwiftUpdateCheck = 0930;
				LastUpgradeCheck = 0930;
				ORGANIZATIONNAME = "Tyler Clonts";
				TargetAttributes = {
					BE5DC4CE20C1FC3100BE617A = {
						CreatedOnToolsVersion = 9.3.1;
						SystemCapabilities = {
							com.apple.Push = {
								enabled = 1;
							};
							com.apple.iCloud = {
								enabled = 1;
							};
						};
					};
				};
			};
			buildConfigurationList = BE5DC4CA20C1FC3100BE617A /* Build configuration list for PBXProject "MythicalMonsters" */;
			compatibilityVersion = "Xcode 9.3";
			developmentRegion = en;
			hasScannedForEncodings = 0;
			knownRegions = (
				en,
				Base,
			);
			mainGroup = BE5DC4C620C1FC3100BE617A;
			productRefGroup = BE5DC4D020C1FC3100BE617A /* Products */;
			projectDirPath = "";
			projectRoot = "";
			targets = (
				BE5DC4CE20C1FC3100BE617A /* MythicalMonsters */,
			);
		};
/* End PBXProject section */

/* Begin PBXResourcesBuildPhase section */
		BE5DC4CD20C1FC3100BE617A /* Resources */ = {
			isa = PBXResourcesBuildPhase;
			buildActionMask = 2147483647;
			files = (
				BECEAF0D20D1B8F000C8EF21 /* SFCompactText-Medium.otf in Resources */,
				BECEAF1220D1B8F000C8EF21 /* SFCompactDisplay-Semibold.otf in Resources */,
				BECEAF1720D1B8F000C8EF21 /* SFCompactText-Semibold.otf in Resources */,
				BECEAF1320D1B8F000C8EF21 /* SFCompactDisplay-Medium.otf in Resources */,
				BECEAF0E20D1B8F000C8EF21 /* SFCompactText-SemiboldItalic.otf in Resources */,
				BECEAF1520D1B8F000C8EF21 /* SFCompactDisplay-Regular.otf in Resources */,
				BECEAF1620D1B8F000C8EF21 /* SFCompactText-MediumItalic.otf in Resources */,
				BECEAF1D20D1B8F000C8EF21 /* SFCompactText-Heavy.otf in Resources */,
				BE5DC4DD20C1FC3300BE617A /* LaunchScreen.storyboard in Resources */,
				BECEAF0C20D1B8F000C8EF21 /* SFCompactDisplay-Heavy.otf in Resources */,
				BECEAF2020D1B8F000C8EF21 /* SFCompactDisplay-Thin.otf in Resources */,
				BECEAF1420D1B8F000C8EF21 /* SFCompactDisplay-Black.otf in Resources */,
				BECEAF0F20D1B8F000C8EF21 /* SFCompactDisplay-Light.otf in Resources */,
				BECEAF1020D1B8F000C8EF21 /* SFCompactText-Regular.otf in Resources */,
				BECEAF1B20D1B8F000C8EF21 /* SFCompactText-Bold.otf in Resources */,
				BE5DC4DA20C1FC3300BE617A /* Assets.xcassets in Resources */,
				BECEAF1820D1B8F000C8EF21 /* SFCompactText-RegularItalic.otf in Resources */,
				BECEAF1920D1B8F000C8EF21 /* SFCompactText-Light.otf in Resources */,
				BECEAF1E20D1B8F000C8EF21 /* SFCompactText-HeavyItalic.otf in Resources */,
				BE5DC4D820C1FC3100BE617A /* Main.storyboard in Resources */,
				BECEAF1120D1B8F000C8EF21 /* SFCompactText-BoldItalic.otf in Resources */,
				BECEAF1F20D1B8F000C8EF21 /* SFCompactText-LightItalic.otf in Resources */,
				BECEAF1A20D1B8F000C8EF21 /* SFCompactDisplay-Bold.otf in Resources */,
				BECEAF1C20D1B8F000C8EF21 /* SFCompactDisplay-Ultralight.otf in Resources */,
				BECEAEF120D1B7C500C8EF21 /* Info.plist in Resources */,
			);
			runOnlyForDeploymentPostprocessing = 0;
		};
/* End PBXResourcesBuildPhase section */

/* Begin PBXShellScriptBuildPhase section */
		1F865F972A92B787B854BE68 /* [CP] Check Pods Manifest.lock */ = {
			isa = PBXShellScriptBuildPhase;
			buildActionMask = 2147483647;
			files = (
			);
			inputPaths = (
				"${PODS_PODFILE_DIR_PATH}/Podfile.lock",
				"${PODS_ROOT}/Manifest.lock",
			);
			name = "[CP] Check Pods Manifest.lock";
			outputPaths = (
				"$(DERIVED_FILE_DIR)/Pods-MythicalMonsters-checkManifestLockResult.txt",
			);
			runOnlyForDeploymentPostprocessing = 0;
			shellPath = /bin/sh;
			shellScript = "diff \"${PODS_PODFILE_DIR_PATH}/Podfile.lock\" \"${PODS_ROOT}/Manifest.lock\" > /dev/null\nif [ $? != 0 ] ; then\n    # print error to STDERR\n    echo \"error: The sandbox is not in sync with the Podfile.lock. Run 'pod install' or update your CocoaPods installation.\" >&2\n    exit 1\nfi\n# This output is used by Xcode 'outputs' to avoid re-running this script phase.\necho \"SUCCESS\" > \"${SCRIPT_OUTPUT_FILE_0}\"\n";
			showEnvVarsInLog = 0;
		};
		E7FB73484EFBC611584A33B1 /* [CP] Embed Pods Frameworks */ = {
			isa = PBXShellScriptBuildPhase;
			buildActionMask = 2147483647;
			files = (
			);
			inputPaths = (
				"${SRCROOT}/Pods/Target Support Files/Pods-MythicalMonsters/Pods-MythicalMonsters-frameworks.sh",
				"${BUILT_PRODUCTS_DIR}/IQKeyboardManagerSwift/IQKeyboardManagerSwift.framework",
			);
			name = "[CP] Embed Pods Frameworks";
			outputPaths = (
				"${TARGET_BUILD_DIR}/${FRAMEWORKS_FOLDER_PATH}/IQKeyboardManagerSwift.framework",
			);
			runOnlyForDeploymentPostprocessing = 0;
			shellPath = /bin/sh;
			shellScript = "\"${SRCROOT}/Pods/Target Support Files/Pods-MythicalMonsters/Pods-MythicalMonsters-frameworks.sh\"\n";
			showEnvVarsInLog = 0;
		};
/* End PBXShellScriptBuildPhase section */

/* Begin PBXSourcesBuildPhase section */
		BE5DC4CB20C1FC3100BE617A /* Sources */ = {
			isa = PBXSourcesBuildPhase;
			buildActionMask = 2147483647;
			files = (
				BE2272C020D2D4190020164D /* MonsterDetailViewController.swift in Sources */,
				BE2272C220D2D9DF0020164D /* ColorHelper.swift in Sources */,
				BECEAEEA20D0BB8B00C8EF21 /* MonsterTableViewCell.swift in Sources */,
				BE5DC4EE20C202E600BE617A /* CloudKitManager.swift in Sources */,
				BE5DC4F220C20AB400BE617A /* MythicalMonsterListTableViewController.swift in Sources */,
				BEC8A2D920DC277900608A9F /* MonsterCollectionViewCell.swift in Sources */,
				BE5DC4F020C2033A00BE617A /* MythicalMonster.swift in Sources */,
				BEC8A2D520D9D76200608A9F /* MonstersViewController.swift in Sources */,
				BE5DC4D320C1FC3100BE617A /* AppDelegate.swift in Sources */,
				BE2070E420C8912C008B4A91 /* ImagePickerHelper.swift in Sources */,
				BEC8A2D720DB038800608A9F /* CustomView.swift in Sources */,
				BE5DC4F420C2F19100BE617A /* MonstersController.swift in Sources */,
				BE2070E220C88FB2008B4A91 /* AddMonsterViewController.swift in Sources */,
			);
			runOnlyForDeploymentPostprocessing = 0;
		};
/* End PBXSourcesBuildPhase section */

/* Begin PBXVariantGroup section */
		BE5DC4D620C1FC3100BE617A /* Main.storyboard */ = {
			isa = PBXVariantGroup;
			children = (
				BE5DC4D720C1FC3100BE617A /* Base */,
			);
			name = Main.storyboard;
			sourceTree = "<group>";
		};
		BE5DC4DB20C1FC3300BE617A /* LaunchScreen.storyboard */ = {
			isa = PBXVariantGroup;
			children = (
				BE5DC4DC20C1FC3300BE617A /* Base */,
			);
			name = LaunchScreen.storyboard;
			sourceTree = "<group>";
		};
/* End PBXVariantGroup section */

/* Begin XCBuildConfiguration section */
		BE5DC4DF20C1FC3300BE617A /* Debug */ = {
			isa = XCBuildConfiguration;
			buildSettings = {
				ALWAYS_SEARCH_USER_PATHS = NO;
				CLANG_ANALYZER_NONNULL = YES;
				CLANG_ANALYZER_NUMBER_OBJECT_CONVERSION = YES_AGGRESSIVE;
				CLANG_CXX_LANGUAGE_STANDARD = "gnu++14";
				CLANG_CXX_LIBRARY = "libc++";
				CLANG_ENABLE_MODULES = YES;
				CLANG_ENABLE_OBJC_ARC = YES;
				CLANG_ENABLE_OBJC_WEAK = YES;
				CLANG_WARN_BLOCK_CAPTURE_AUTORELEASING = YES;
				CLANG_WARN_BOOL_CONVERSION = YES;
				CLANG_WARN_COMMA = YES;
				CLANG_WARN_CONSTANT_CONVERSION = YES;
				CLANG_WARN_DEPRECATED_OBJC_IMPLEMENTATIONS = YES;
				CLANG_WARN_DIRECT_OBJC_ISA_USAGE = YES_ERROR;
				CLANG_WARN_DOCUMENTATION_COMMENTS = YES;
				CLANG_WARN_EMPTY_BODY = YES;
				CLANG_WARN_ENUM_CONVERSION = YES;
				CLANG_WARN_INFINITE_RECURSION = YES;
				CLANG_WARN_INT_CONVERSION = YES;
				CLANG_WARN_NON_LITERAL_NULL_CONVERSION = YES;
				CLANG_WARN_OBJC_IMPLICIT_RETAIN_SELF = YES;
				CLANG_WARN_OBJC_LITERAL_CONVERSION = YES;
				CLANG_WARN_OBJC_ROOT_CLASS = YES_ERROR;
				CLANG_WARN_RANGE_LOOP_ANALYSIS = YES;
				CLANG_WARN_STRICT_PROTOTYPES = YES;
				CLANG_WARN_SUSPICIOUS_MOVE = YES;
				CLANG_WARN_UNGUARDED_AVAILABILITY = YES_AGGRESSIVE;
				CLANG_WARN_UNREACHABLE_CODE = YES;
				CLANG_WARN__DUPLICATE_METHOD_MATCH = YES;
				CODE_SIGN_IDENTITY = "iPhone Developer";
				COPY_PHASE_STRIP = NO;
				DEBUG_INFORMATION_FORMAT = dwarf;
				ENABLE_STRICT_OBJC_MSGSEND = YES;
				ENABLE_TESTABILITY = YES;
				GCC_C_LANGUAGE_STANDARD = gnu11;
				GCC_DYNAMIC_NO_PIC = NO;
				GCC_NO_COMMON_BLOCKS = YES;
				GCC_OPTIMIZATION_LEVEL = 0;
				GCC_PREPROCESSOR_DEFINITIONS = (
					"DEBUG=1",
					"$(inherited)",
				);
				GCC_WARN_64_TO_32_BIT_CONVERSION = YES;
				GCC_WARN_ABOUT_RETURN_TYPE = YES_ERROR;
				GCC_WARN_UNDECLARED_SELECTOR = YES;
				GCC_WARN_UNINITIALIZED_AUTOS = YES_AGGRESSIVE;
				GCC_WARN_UNUSED_FUNCTION = YES;
				GCC_WARN_UNUSED_VARIABLE = YES;
				IPHONEOS_DEPLOYMENT_TARGET = 11.3;
				MTL_ENABLE_DEBUG_INFO = YES;
				ONLY_ACTIVE_ARCH = YES;
				SDKROOT = iphoneos;
				SWIFT_ACTIVE_COMPILATION_CONDITIONS = DEBUG;
				SWIFT_OPTIMIZATION_LEVEL = "-Onone";
			};
			name = Debug;
		};
		BE5DC4E020C1FC3300BE617A /* Release */ = {
			isa = XCBuildConfiguration;
			buildSettings = {
				ALWAYS_SEARCH_USER_PATHS = NO;
				CLANG_ANALYZER_NONNULL = YES;
				CLANG_ANALYZER_NUMBER_OBJECT_CONVERSION = YES_AGGRESSIVE;
				CLANG_CXX_LANGUAGE_STANDARD = "gnu++14";
				CLANG_CXX_LIBRARY = "libc++";
				CLANG_ENABLE_MODULES = YES;
				CLANG_ENABLE_OBJC_ARC = YES;
				CLANG_ENABLE_OBJC_WEAK = YES;
				CLANG_WARN_BLOCK_CAPTURE_AUTORELEASING = YES;
				CLANG_WARN_BOOL_CONVERSION = YES;
				CLANG_WARN_COMMA = YES;
				CLANG_WARN_CONSTANT_CONVERSION = YES;
				CLANG_WARN_DEPRECATED_OBJC_IMPLEMENTATIONS = YES;
				CLANG_WARN_DIRECT_OBJC_ISA_USAGE = YES_ERROR;
				CLANG_WARN_DOCUMENTATION_COMMENTS = YES;
				CLANG_WARN_EMPTY_BODY = YES;
				CLANG_WARN_ENUM_CONVERSION = YES;
				CLANG_WARN_INFINITE_RECURSION = YES;
				CLANG_WARN_INT_CONVERSION = YES;
				CLANG_WARN_NON_LITERAL_NULL_CONVERSION = YES;
				CLANG_WARN_OBJC_IMPLICIT_RETAIN_SELF = YES;
				CLANG_WARN_OBJC_LITERAL_CONVERSION = YES;
				CLANG_WARN_OBJC_ROOT_CLASS = YES_ERROR;
				CLANG_WARN_RANGE_LOOP_ANALYSIS = YES;
				CLANG_WARN_STRICT_PROTOTYPES = YES;
				CLANG_WARN_SUSPICIOUS_MOVE = YES;
				CLANG_WARN_UNGUARDED_AVAILABILITY = YES_AGGRESSIVE;
				CLANG_WARN_UNREACHABLE_CODE = YES;
				CLANG_WARN__DUPLICATE_METHOD_MATCH = YES;
				CODE_SIGN_IDENTITY = "iPhone Developer";
				COPY_PHASE_STRIP = NO;
				DEBUG_INFORMATION_FORMAT = "dwarf-with-dsym";
				ENABLE_NS_ASSERTIONS = NO;
				ENABLE_STRICT_OBJC_MSGSEND = YES;
				GCC_C_LANGUAGE_STANDARD = gnu11;
				GCC_NO_COMMON_BLOCKS = YES;
				GCC_WARN_64_TO_32_BIT_CONVERSION = YES;
				GCC_WARN_ABOUT_RETURN_TYPE = YES_ERROR;
				GCC_WARN_UNDECLARED_SELECTOR = YES;
				GCC_WARN_UNINITIALIZED_AUTOS = YES_AGGRESSIVE;
				GCC_WARN_UNUSED_FUNCTION = YES;
				GCC_WARN_UNUSED_VARIABLE = YES;
				IPHONEOS_DEPLOYMENT_TARGET = 11.3;
				MTL_ENABLE_DEBUG_INFO = NO;
				SDKROOT = iphoneos;
				SWIFT_COMPILATION_MODE = wholemodule;
				SWIFT_OPTIMIZATION_LEVEL = "-O";
				VALIDATE_PRODUCT = YES;
			};
			name = Release;
		};
		BE5DC4E220C1FC3300BE617A /* Debug */ = {
			isa = XCBuildConfiguration;
			baseConfigurationReference = B2948A9DA219A83BD637352C /* Pods-MythicalMonsters.debug.xcconfig */;
			buildSettings = {
				ASSETCATALOG_COMPILER_APPICON_NAME = AppIcon;
				CODE_SIGN_ENTITLEMENTS = MythicalMonsters/MythicalMonsters.entitlements;
				CODE_SIGN_STYLE = Automatic;
				DEVELOPMENT_TEAM = XUF99SR6PQ;
				INFOPLIST_FILE = MythicalMonsters/Resources/Info.plist;
				LD_RUNPATH_SEARCH_PATHS = (
					"$(inherited)",
					"@executable_path/Frameworks",
				);
				PRODUCT_BUNDLE_IDENTIFIER = com.TylerClonts.MythicalMonsters;
				PRODUCT_NAME = "$(TARGET_NAME)";
				SWIFT_VERSION = 4.0;
				TARGETED_DEVICE_FAMILY = "1,2";
			};
			name = Debug;
		};
		BE5DC4E320C1FC3300BE617A /* Release */ = {
			isa = XCBuildConfiguration;
			baseConfigurationReference = 7B581C49F5B154B2A520B042 /* Pods-MythicalMonsters.release.xcconfig */;
			buildSettings = {
				ASSETCATALOG_COMPILER_APPICON_NAME = AppIcon;
				CODE_SIGN_ENTITLEMENTS = MythicalMonsters/MythicalMonsters.entitlements;
				CODE_SIGN_STYLE = Automatic;
				DEVELOPMENT_TEAM = XUF99SR6PQ;
				INFOPLIST_FILE = MythicalMonsters/Resources/Info.plist;
				LD_RUNPATH_SEARCH_PATHS = (
					"$(inherited)",
					"@executable_path/Frameworks",
				);
				PRODUCT_BUNDLE_IDENTIFIER = com.TylerClonts.MythicalMonsters;
				PRODUCT_NAME = "$(TARGET_NAME)";
				SWIFT_VERSION = 4.0;
				TARGETED_DEVICE_FAMILY = "1,2";
			};
			name = Release;
		};
/* End XCBuildConfiguration section */

/* Begin XCConfigurationList section */
		BE5DC4CA20C1FC3100BE617A /* Build configuration list for PBXProject "MythicalMonsters" */ = {
			isa = XCConfigurationList;
			buildConfigurations = (
				BE5DC4DF20C1FC3300BE617A /* Debug */,
				BE5DC4E020C1FC3300BE617A /* Release */,
			);
			defaultConfigurationIsVisible = 0;
			defaultConfigurationName = Release;
		};
		BE5DC4E120C1FC3300BE617A /* Build configuration list for PBXNativeTarget "MythicalMonsters" */ = {
			isa = XCConfigurationList;
			buildConfigurations = (
				BE5DC4E220C1FC3300BE617A /* Debug */,
				BE5DC4E320C1FC3300BE617A /* Release */,
			);
			defaultConfigurationIsVisible = 0;
			defaultConfigurationName = Release;
		};
/* End XCConfigurationList section */
	};
	rootObject = BE5DC4C720C1FC3100BE617A /* Project object */;
}
